
Microsoft Visual Studio Solution File, Format Version 12.00
# Visual Studio Version 16
VisualStudioVersion = 16.0.30717.126
MinimumVisualStudioVersion = 10.0.40219.1
Project("{FAE04EC0-301F-11D3-BF4B-00C04F79EFBC}") = "MovieReview", "MovieReview.csproj", "{602854B9-F52C-4D6D-978D-C47B6920B64F}"
EndProject
Global
	GlobalSection(SolutionConfigurationPlatforms) = preSolution
		Debug|Any CPU = Debug|Any CPU
		Release|Any CPU = Release|Any CPU
	EndGlobalSection
	GlobalSection(ProjectConfigurationPlatforms) = postSolution
		{602854B9-F52C-4D6D-978D-C47B6920B64F}.Debug|Any CPU.ActiveCfg = Debug|Any CPU
		{602854B9-F52C-4D6D-978D-C47B6920B64F}.Debug|Any CPU.Build.0 = Debug|Any CPU
		{602854B9-F52C-4D6D-978D-C47B6920B64F}.Release|Any CPU.ActiveCfg = Release|Any CPU
		{602854B9-F52C-4D6D-978D-C47B6920B64F}.Release|Any CPU.Build.0 = Release|Any CPU
	EndGlobalSection
	GlobalSection(SolutionProperties) = preSolution
		HideSolutionNode = FALSE
	EndGlobalSection
	GlobalSection(ExtensibilityGlobals) = postSolution
		SolutionGuid = {899C0BB4-FF41-4A4A-914B-B81897F481A9}
	EndGlobalSection
EndGlobal
